
Microsoft Visual Studio Solution File, Format Version 12.00
# Visual Studio 2012
Project("{FAE04EC0-301F-11D3-BF4B-00C04F79EFBC}") = "UnityTools", "UnityTools\UnityTools.csproj", "{105FFD0D-683E-4051-A426-7EE80DAD18DE}"
EndProject
Global
	GlobalSection(SolutionConfigurationPlatforms) = preSolution
		Debug|Any CPU = Debug|Any CPU
		Release|Any CPU = Release|Any CPU
	EndGlobalSection
	GlobalSection(ProjectConfigurationPlatforms) = postSolution
		{105FFD0D-683E-4051-A426-7EE80DAD18DE}.Debug|Any CPU.ActiveCfg = Debug|Any CPU
		{105FFD0D-683E-4051-A426-7EE80DAD18DE}.Debug|Any CPU.Build.0 = Debug|Any CPU
		{105FFD0D-683E-4051-A426-7EE80DAD18DE}.Release|Any CPU.ActiveCfg = Release|Any CPU
		{105FFD0D-683E-4051-A426-7EE80DAD18DE}.Release|Any CPU.Build.0 = Release|Any CPU
	EndGlobalSection
	GlobalSection(MonoDevelopProperties) = preSolution
		StartupItem = UnityTools\UnityTools.csproj
	EndGlobalSection
EndGlobal
